
Microsoft Visual Studio Solution File, Format Version 12.00
# Visual Studio Version 17
VisualStudioVersion = 17.11.35327.3
MinimumVisualStudioVersion = 10.0.40219.1
Project("{FAE04EC0-301F-11D3-BF4B-00C04F79EFBC}") = "Banking.Domain", "Banking.Domain\Banking.Domain.csproj", "{E641B46E-3AA8-4410-9BE5-64B6B71C2265}"
EndProject
Global
	GlobalSection(SolutionConfigurationPlatforms) = preSolution
		Debug|Any CPU = Debug|Any CPU
		Release|Any CPU = Release|Any CPU
	EndGlobalSection
	GlobalSection(ProjectConfigurationPlatforms) = postSolution
		{E641B46E-3AA8-4410-9BE5-64B6B71C2265}.Debug|Any CPU.ActiveCfg = Debug|Any CPU
		{E641B46E-3AA8-4410-9BE5-64B6B71C2265}.Debug|Any CPU.Build.0 = Debug|Any CPU
		{E641B46E-3AA8-4410-9BE5-64B6B71C2265}.Release|Any CPU.ActiveCfg = Release|Any CPU
		{E641B46E-3AA8-4410-9BE5-64B6B71C2265}.Release|Any CPU.Build.0 = Release|Any CPU
	EndGlobalSection
	GlobalSection(SolutionProperties) = preSolution
		HideSolutionNode = FALSE
	EndGlobalSection
	GlobalSection(ExtensibilityGlobals) = postSolution
		SolutionGuid = {FD0A2686-241D-435D-8CA0-694847B24221}
	EndGlobalSection
EndGlobal
